// !$*UTF8*$!
{
	archiveVersion = 1;
	classes = {
	};
	objectVersion = 48;
	objects = {

/* Begin PBXBuildFile section */
		8A78ED511FFD29B0000469B7 /* Resnet50.mlmodel in Sources */ = {isa = PBXBuildFile; fileRef = 8A78ED501FFD29B0000469B7 /* Resnet50.mlmodel */; };
		8AEBDFB61FFCFB08008F5CFB /* AppDelegate.swift in Sources */ = {isa = PBXBuildFile; fileRef = 8AEBDFB51FFCFB08008F5CFB /* AppDelegate.swift */; };
		8AEBDFB81FFCFB08008F5CFB /* ViewController.swift in Sources */ = {isa = PBXBuildFile; fileRef = 8AEBDFB71FFCFB08008F5CFB /* ViewController.swift */; };
		8AEBDFBB1FFCFB08008F5CFB /* Main.storyboard in Resources */ = {isa = PBXBuildFile; fileRef = 8AEBDFB91FFCFB08008F5CFB /* Main.storyboard */; };
		8AEBDFBD1FFCFB08008F5CFB /* Assets.xcassets in Resources */ = {isa = PBXBuildFile; fileRef = 8AEBDFBC1FFCFB08008F5CFB /* Assets.xcassets */; };
		8AEBDFC01FFCFB08008F5CFB /* LaunchScreen.storyboard in Resources */ = {isa = PBXBuildFile; fileRef = 8AEBDFBE1FFCFB08008F5CFB /* LaunchScreen.storyboard */; };
/* End PBXBuildFile section */

/* Begin PBXFileReference section */
		8A78ED501FFD29B0000469B7 /* Resnet50.mlmodel */ = {isa = PBXFileReference; lastKnownFileType = file.mlmodel; path = Resnet50.mlmodel; sourceTree = "<group>"; };
		8AEBDFB21FFCFB08008F5CFB /* SmartCamera.app */ = {isa = PBXFileReference; explicitFileType = wrapper.application; includeInIndex = 0; path = SmartCamera.app; sourceTree = BUILT_PRODUCTS_DIR; };
		8AEBDFB51FFCFB08008F5CFB /* AppDelegate.swift */ = {isa = PBXFileReference; lastKnownFileType = sourcecode.swift; path = AppDelegate.swift; sourceTree = "<group>"; };
		8AEBDFB71FFCFB08008F5CFB /* ViewController.swift */ = {isa = PBXFileReference; lastKnownFileType = sourcecode.swift; path = ViewController.swift; sourceTree = "<group>"; };
		8AEBDFBA1FFCFB08008F5CFB /* Base */ = {isa = PBXFileReference; lastKnownFileType = file.storyboard; name = Base; path = Base.lproj/Main.storyboard; sourceTree = "<group>"; };
		8AEBDFBC1FFCFB08008F5CFB /* Assets.xcassets */ = {isa = PBXFileReference; lastKnownFileType = folder.assetcatalog; path = Assets.xcassets; sourceTree = "<group>"; };
		8AEBDFBF1FFCFB08008F5CFB /* Base */ = {isa = PBXFileReference; lastKnownFileType = file.storyboard; name = Base; path = Base.lproj/LaunchScreen.storyboard; sourceTree = "<group>"; };
		8AEBDFC11FFCFB08008F5CFB /* Info.plist */ = {isa = PBXFileReference; lastKnownFileType = text.plist.xml; path = Info.plist; sourceTree = "<group>"; };
/* End PBXFileReference section */

/* Begin PBXFrameworksBuildPhase section */
		8AEBDFAF1FFCFB08008F5CFB /* Frameworks */ = {
			isa = PBXFrameworksBuildPhase;
			buildActionMask = 2147483647;
			files = (
			);
			runOnlyForDeploymentPostprocessing = 0;
		};
/* End PBXFrameworksBuildPhase section */

/* Begin PBXGroup section */
		8AEBDFA91FFCFB08008F5CFB = {
			isa = PBXGroup;
			children = (
				8AEBDFB41FFCFB08008F5CFB /* SmartCamera */,
				8AEBDFB31FFCFB08008F5CFB /* Products */,
			);
			sourceTree = "<group>";
		};
		8AEBDFB31FFCFB08008F5CFB /* Products */ = {
			isa = PBXGroup;
			children = (
				8AEBDFB21FFCFB08008F5CFB /* SmartCamera.app */,
			);
			name = Products;
			sourceTree = "<group>";
		};
		8AEBDFB41FFCFB08008F5CFB /* SmartCamera */ = {
			isa = PBXGroup;
			children = (
				8A78ED501FFD29B0000469B7 /* Resnet50.mlmodel */,
				8AEBDFB51FFCFB08008F5CFB /* AppDelegate.swift */,
				8AEBDFB71FFCFB08008F5CFB /* ViewController.swift */,
				8AEBDFB91FFCFB08008F5CFB /* Main.storyboard */,
				8AEBDFBC1FFCFB08008F5CFB /* Assets.xcassets */,
				8AEBDFBE1FFCFB08008F5CFB /* LaunchScreen.storyboard */,
				8AEBDFC11FFCFB08008F5CFB /* Info.plist */,
			);
			path = SmartCamera;
			sourceTree = "<group>";
		};
/* End PBXGroup section */

/* Begin PBXNativeTarget section */
		8AEBDFB11FFCFB08008F5CFB /* SmartCamera */ = {
			isa = PBXNativeTarget;
			buildConfigurationList = 8AEBDFC41FFCFB08008F5CFB /* Build configuration list for PBXNativeTarget "SmartCamera" */;
			buildPhases = (
				8AEBDFAE1FFCFB08008F5CFB /* Sources */,
				8AEBDFAF1FFCFB08008F5CFB /* Frameworks */,
				8AEBDFB01FFCFB08008F5CFB /* Resources */,
			);
			buildRules = (
			);
			dependencies = (
			);
			name = SmartCamera;
			productName = SmartCamera;
			productReference = 8AEBDFB21FFCFB08008F5CFB /* SmartCamera.app */;
			productType = "com.apple.product-type.application";
		};
/* End PBXNativeTarget section */

/* Begin PBXProject section */
		8AEBDFAA1FFCFB08008F5CFB /* Project object */ = {
			isa = PBXProject;
			attributes = {
				LastSwiftUpdateCheck = 0920;
				LastUpgradeCheck = 0920;
				ORGANIZATIONNAME = "Alexey Baryshnikov";
				TargetAttributes = {
					8AEBDFB11FFCFB08008F5CFB = {
						CreatedOnToolsVersion = 9.2;
						ProvisioningStyle = Automatic;
					};
				};
			};
			buildConfigurationList = 8AEBDFAD1FFCFB08008F5CFB /* Build configuration list for PBXProject "SmartCamera" */;
			compatibilityVersion = "Xcode 8.0";
			developmentRegion = en;
			hasScannedForEncodings = 0;
			knownRegions = (
				en,
				Base,
			);
			mainGroup = 8AEBDFA91FFCFB08008F5CFB;
			productRefGroup = 8AEBDFB31FFCFB08008F5CFB /* Products */;
			projectDirPath = "";
			projectRoot = "";
			targets = (
				8AEBDFB11FFCFB08008F5CFB /* SmartCamera */,
			);
		};
/* End PBXProject section */

/* Begin PBXResourcesBuildPhase section */
		8AEBDFB01FFCFB08008F5CFB /* Resources */ = {
			isa = PBXResourcesBuildPhase;
			buildActionMask = 2147483647;
			files = (
				8AEBDFC01FFCFB08008F5CFB /* LaunchScreen.storyboard in Resources */,
				8AEBDFBD1FFCFB08008F5CFB /* Assets.xcassets in Resources */,
				8AEBDFBB1FFCFB08008F5CFB /* Main.storyboard in Resources */,
			);
			runOnlyForDeploymentPostprocessing = 0;
		};
/* End PBXResourcesBuildPhase section */

/* Begin PBXSourcesBuildPhase section */
		8AEBDFAE1FFCFB08008F5CFB /* Sources */ = {
			isa = PBXSourcesBuildPhase;
			buildActionMask = 2147483647;
			files = (
				8AEBDFB81FFCFB08008F5CFB /* ViewController.swift in Sources */,
				8A78ED511FFD29B0000469B7 /* Resnet50.mlmodel in Sources */,
				8AEBDFB61FFCFB08008F5CFB /* AppDelegate.swift in Sources */,
			);
			runOnlyForDeploymentPostprocessing = 0;
		};
/* End PBXSourcesBuildPhase section */

/* Begin PBXVariantGroup section */
		8AEBDFB91FFCFB08008F5CFB /* Main.storyboard */ = {
			isa = PBXVariantGroup;
			children = (
				8AEBDFBA1FFCFB08008F5CFB /* Base */,
			);
			name = Main.storyboard;
			sourceTree = "<group>";
		};
		8AEBDFBE1FFCFB08008F5CFB /* LaunchScreen.storyboard */ = {
			isa = PBXVariantGroup;
			children = (
				8AEBDFBF1FFCFB08008F5CFB /* Base */,
			);
			name = LaunchScreen.storyboard;
			sourceTree = "<group>";
		};
/* End PBXVariantGroup section */

/* Begin XCBuildConfiguration section */
		8AEBDFC21FFCFB08008F5CFB /* Debug */ = {
			isa = XCBuildConfiguration;
			buildSettings = {
				ALWAYS_SEARCH_USER_PATHS = NO;
				CLANG_ANALYZER_NONNULL = YES;
				CLANG_ANALYZER_NUMBER_OBJECT_CONVERSION = YES_AGGRESSIVE;
				CLANG_CXX_LANGUAGE_STANDARD = "gnu++14";
				CLANG_CXX_LIBRARY = "libc++";
				CLANG_ENABLE_MODULES = YES;
				CLANG_ENABLE_OBJC_ARC = YES;
				CLANG_WARN_BLOCK_CAPTURE_AUTORELEASING = YES;
				CLANG_WARN_BOOL_CONVERSION = YES;
				CLANG_WARN_COMMA = YES;
				CLANG_WARN_CONSTANT_CONVERSION = YES;
				CLANG_WARN_DIRECT_OBJC_ISA_USAGE = YES_ERROR;
				CLANG_WARN_DOCUMENTATION_COMMENTS = YES;
				CLANG_WARN_EMPTY_BODY = YES;
				CLANG_WARN_ENUM_CONVERSION = YES;
				CLANG_WARN_INFINITE_RECURSION = YES;
				CLANG_WARN_INT_CONVERSION = YES;
				CLANG_WARN_NON_LITERAL_NULL_CONVERSION = YES;
				CLANG_WARN_OBJC_LITERAL_CONVERSION = YES;
				CLANG_WARN_OBJC_ROOT_CLASS = YES_ERROR;
				CLANG_WARN_RANGE_LOOP_ANALYSIS = YES;
				CLANG_WARN_STRICT_PROTOTYPES = YES;
				CLANG_WARN_SUSPICIOUS_MOVE = YES;
				CLANG_WARN_UNGUARDED_AVAILABILITY = YES_AGGRESSIVE;
				CLANG_WARN_UNREACHABLE_CODE = YES;
				CLANG_WARN__DUPLICATE_METHOD_MATCH = YES;
				CODE_SIGN_IDENTITY = "iPhone Developer";
				COPY_PHASE_STRIP = NO;
				DEBUG_INFORMATION_FORMAT = dwarf;
				ENABLE_STRICT_OBJC_MSGSEND = YES;
				ENABLE_TESTABILITY = YES;
				GCC_C_LANGUAGE_STANDARD = gnu11;
				GCC_DYNAMIC_NO_PIC = NO;
				GCC_NO_COMMON_BLOCKS = YES;
				GCC_OPTIMIZATION_LEVEL = 0;
				GCC_PREPROCESSOR_DEFINITIONS = (
					"DEBUG=1",
					"$(inherited)",
				);
				GCC_WARN_64_TO_32_BIT_CONVERSION = YES;
				GCC_WARN_ABOUT_RETURN_TYPE = YES_ERROR;
				GCC_WARN_UNDECLARED_SELECTOR = YES;
				GCC_WARN_UNINITIALIZED_AUTOS = YES_AGGRESSIVE;
				GCC_WARN_UNUSED_FUNCTION = YES;
				GCC_WARN_UNUSED_VARIABLE = YES;
				IPHONEOS_DEPLOYMENT_TARGET = 11.2;
				MTL_ENABLE_DEBUG_INFO = YES;
				ONLY_ACTIVE_ARCH = YES;
				SDKROOT = iphoneos;
				SWIFT_ACTIVE_COMPILATION_CONDITIONS = DEBUG;
				SWIFT_OPTIMIZATION_LEVEL = "-Onone";
			};
			name = Debug;
		};
		8AEBDFC31FFCFB08008F5CFB /* Release */ = {
			isa = XCBuildConfiguration;
			buildSettings = {
				ALWAYS_SEARCH_USER_PATHS = NO;
				CLANG_ANALYZER_NONNULL = YES;
				CLANG_ANALYZER_NUMBER_OBJECT_CONVERSION = YES_AGGRESSIVE;
				CLANG_CXX_LANGUAGE_STANDARD = "gnu++14";
				CLANG_CXX_LIBRARY = "libc++";
				CLANG_ENABLE_MODULES = YES;
				CLANG_ENABLE_OBJC_ARC = YES;
				CLANG_WARN_BLOCK_CAPTURE_AUTORELEASING = YES;
				CLANG_WARN_BOOL_CONVERSION = YES;
				CLANG_WARN_COMMA = YES;
				CLANG_WARN_CONSTANT_CONVERSION = YES;
				CLANG_WARN_DIRECT_OBJC_ISA_USAGE = YES_ERROR;
				CLANG_WARN_DOCUMENTATION_COMMENTS = YES;
				CLANG_WARN_EMPTY_BODY = YES;
				CLANG_WARN_ENUM_CONVERSION = YES;
				CLANG_WARN_INFINITE_RECURSION = YES;
				CLANG_WARN_INT_CONVERSION = YES;
				CLANG_WARN_NON_LITERAL_NULL_CONVERSION = YES;
				CLANG_WARN_OBJC_LITERAL_CONVERSION = YES;
				CLANG_WARN_OBJC_ROOT_CLASS = YES_ERROR;
				CLANG_WARN_RANGE_LOOP_ANALYSIS = YES;
				CLANG_WARN_STRICT_PROTOTYPES = YES;
				CLANG_WARN_SUSPICIOUS_MOVE = YES;
				CLANG_WARN_UNGUARDED_AVAILABILITY = YES_AGGRESSIVE;
				CLANG_WARN_UNREACHABLE_CODE = YES;
				CLANG_WARN__DUPLICATE_METHOD_MATCH = YES;
				CODE_SIGN_IDENTITY = "iPhone Developer";
				COPY_PHASE_STRIP = NO;
				DEBUG_INFORMATION_FORMAT = "dwarf-with-dsym";
				ENABLE_NS_ASSERTIONS = NO;
				ENABLE_STRICT_OBJC_MSGSEND = YES;
				GCC_C_LANGUAGE_STANDARD = gnu11;
				GCC_NO_COMMON_BLOCKS = YES;
				GCC_WARN_64_TO_32_BIT_CONVERSION = YES;
				GCC_WARN_ABOUT_RETURN_TYPE = YES_ERROR;
				GCC_WARN_UNDECLARED_SELECTOR = YES;
				GCC_WARN_UNINITIALIZED_AUTOS = YES_AGGRESSIVE;
				GCC_WARN_UNUSED_FUNCTION = YES;
				GCC_WARN_UNUSED_VARIABLE = YES;
				IPHONEOS_DEPLOYMENT_TARGET = 11.2;
				MTL_ENABLE_DEBUG_INFO = NO;
				SDKROOT = iphoneos;
				SWIFT_OPTIMIZATION_LEVEL = "-Owholemodule";
				VALIDATE_PRODUCT = YES;
			};
			name = Release;
		};
		8AEBDFC51FFCFB08008F5CFB /* Debug */ = {
			isa = XCBuildConfiguration;
			buildSettings = {
				ASSETCATALOG_COMPILER_APPICON_NAME = AppIcon;
				CODE_SIGN_STYLE = Automatic;
				DEVELOPMENT_TEAM = V4K88747GJ;
				INFOPLIST_FILE = SmartCamera/Info.plist;
				LD_RUNPATH_SEARCH_PATHS = "$(inherited) @executable_path/Frameworks";
				PRODUCT_BUNDLE_IDENTIFIER = com.phlood.SmartCamera;
				PRODUCT_NAME = "$(TARGET_NAME)";
				SWIFT_VERSION = 4.0;
				TARGETED_DEVICE_FAMILY = 1;
			};
			name = Debug;
		};
		8AEBDFC61FFCFB08008F5CFB /* Release */ = {
			isa = XCBuildConfiguration;
			buildSettings = {
				ASSETCATALOG_COMPILER_APPICON_NAME = AppIcon;
				CODE_SIGN_STYLE = Automatic;
				DEVELOPMENT_TEAM = V4K88747GJ;
				INFOPLIST_FILE = SmartCamera/Info.plist;
				LD_RUNPATH_SEARCH_PATHS = "$(inherited) @executable_path/Frameworks";
				PRODUCT_BUNDLE_IDENTIFIER = com.phlood.SmartCamera;
				PRODUCT_NAME = "$(TARGET_NAME)";
				SWIFT_VERSION = 4.0;
				TARGETED_DEVICE_FAMILY = 1;
			};
			name = Release;
		};
/* End XCBuildConfiguration section */

/* Begin XCConfigurationList section */
		8AEBDFAD1FFCFB08008F5CFB /* Build configuration list for PBXProject "SmartCamera" */ = {
			isa = XCConfigurationList;
			buildConfigurations = (
				8AEBDFC21FFCFB08008F5CFB /* Debug */,
				8AEBDFC31FFCFB08008F5CFB /* Release */,
			);
			defaultConfigurationIsVisible = 0;
			defaultConfigurationName = Release;
		};
		8AEBDFC41FFCFB08008F5CFB /* Build configuration list for PBXNativeTarget "SmartCamera" */ = {
			isa = XCConfigurationList;
			buildConfigurations = (
				8AEBDFC51FFCFB08008F5CFB /* Debug */,
				8AEBDFC61FFCFB08008F5CFB /* Release */,
			);
			defaultConfigurationIsVisible = 0;
			defaultConfigurationName = Release;
		};
/* End XCConfigurationList section */
	};
	rootObject = 8AEBDFAA1FFCFB08008F5CFB /* Project object */;
}
